
Microsoft Visual Studio Solution File, Format Version 12.00
# Visual Studio Version 17
VisualStudioVersion = 17.11.35312.102
MinimumVisualStudioVersion = 10.0.40219.1
Project("{FAE04EC0-301F-11D3-BF4B-00C04F79EFBC}") = "S2 - CA2 - MVC Application", "S2 - CA2 - MVC Application\S2 - CA2 - MVC Application.csproj", "{3A4AB2E1-BC21-4776-A5A7-AFE3E74BCA3C}"
EndProject
Global
	GlobalSection(SolutionConfigurationPlatforms) = preSolution
		Debug|Any CPU = Debug|Any CPU
		Release|Any CPU = Release|Any CPU
	EndGlobalSection
	GlobalSection(ProjectConfigurationPlatforms) = postSolution
		{3A4AB2E1-BC21-4776-A5A7-AFE3E74BCA3C}.Debug|Any CPU.ActiveCfg = Debug|Any CPU
		{3A4AB2E1-BC21-4776-A5A7-AFE3E74BCA3C}.Debug|Any CPU.Build.0 = Debug|Any CPU
		{3A4AB2E1-BC21-4776-A5A7-AFE3E74BCA3C}.Release|Any CPU.ActiveCfg = Release|Any CPU
		{3A4AB2E1-BC21-4776-A5A7-AFE3E74BCA3C}.Release|Any CPU.Build.0 = Release|Any CPU
	EndGlobalSection
	GlobalSection(SolutionProperties) = preSolution
		HideSolutionNode = FALSE
	EndGlobalSection
	GlobalSection(ExtensibilityGlobals) = postSolution
		SolutionGuid = {FD9FF433-E7EA-4BA0-92EA-6EF6A8228DBF}
	EndGlobalSection
EndGlobal
